
Microsoft Visual Studio Solution File, Format Version 12.00
# Visual Studio 15
VisualStudioVersion = 15.0.27130.2027
MinimumVisualStudioVersion = 10.0.40219.1
Project("{FAE04EC0-301F-11D3-BF4B-00C04F79EFBC}") = "NutritionApp.Web", "NutritionApp.Web\NutritionApp.Web.csproj", "{CEBD8E21-2EA7-4056-B8A1-CF6E73B4194A}"
EndProject
Project("{FAE04EC0-301F-11D3-BF4B-00C04F79EFBC}") = "NutritionApp.Entities", "NutritionApp.Entities\NutritionApp.Entities.csproj", "{1A32FD2D-7466-444B-88FC-1D011CA30A37}"
EndProject
Project("{FAE04EC0-301F-11D3-BF4B-00C04F79EFBC}") = "USDANutrition", "WebApplication1\USDANutrition.csproj", "{3C1F22B6-3872-4AC7-88A4-9A545A64A33C}"
EndProject
Global
	GlobalSection(SolutionConfigurationPlatforms) = preSolution
		Debug|Any CPU = Debug|Any CPU
		Release|Any CPU = Release|Any CPU
	EndGlobalSection
	GlobalSection(ProjectConfigurationPlatforms) = postSolution
		{CEBD8E21-2EA7-4056-B8A1-CF6E73B4194A}.Debug|Any CPU.ActiveCfg = Debug|Any CPU
		{CEBD8E21-2EA7-4056-B8A1-CF6E73B4194A}.Debug|Any CPU.Build.0 = Debug|Any CPU
		{CEBD8E21-2EA7-4056-B8A1-CF6E73B4194A}.Release|Any CPU.ActiveCfg = Release|Any CPU
		{CEBD8E21-2EA7-4056-B8A1-CF6E73B4194A}.Release|Any CPU.Build.0 = Release|Any CPU
		{1A32FD2D-7466-444B-88FC-1D011CA30A37}.Debug|Any CPU.ActiveCfg = Debug|Any CPU
		{1A32FD2D-7466-444B-88FC-1D011CA30A37}.Debug|Any CPU.Build.0 = Debug|Any CPU
		{1A32FD2D-7466-444B-88FC-1D011CA30A37}.Release|Any CPU.ActiveCfg = Release|Any CPU
		{1A32FD2D-7466-444B-88FC-1D011CA30A37}.Release|Any CPU.Build.0 = Release|Any CPU
		{3C1F22B6-3872-4AC7-88A4-9A545A64A33C}.Debug|Any CPU.ActiveCfg = Debug|Any CPU
		{3C1F22B6-3872-4AC7-88A4-9A545A64A33C}.Debug|Any CPU.Build.0 = Debug|Any CPU
		{3C1F22B6-3872-4AC7-88A4-9A545A64A33C}.Release|Any CPU.ActiveCfg = Release|Any CPU
		{3C1F22B6-3872-4AC7-88A4-9A545A64A33C}.Release|Any CPU.Build.0 = Release|Any CPU
	EndGlobalSection
	GlobalSection(SolutionProperties) = preSolution
		HideSolutionNode = FALSE
	EndGlobalSection
	GlobalSection(ExtensibilityGlobals) = postSolution
		SolutionGuid = {2AC2F82D-A9DB-4017-97A3-768D1821E089}
	EndGlobalSection
EndGlobal
